
Microsoft Visual Studio Solution File, Format Version 12.00
# Visual Studio Version 17
VisualStudioVersion = 17.5.33530.505
MinimumVisualStudioVersion = 10.0.40219.1
Project("{FAE04EC0-301F-11D3-BF4B-00C04F79EFBC}") = "Room Calculator", "Room Calculator\Room Calculator.csproj", "{D515B9BC-48E3-4193-8888-264D9BCD4EBB}"
EndProject
Global
	GlobalSection(SolutionConfigurationPlatforms) = preSolution
		Debug|Any CPU = Debug|Any CPU
		Release|Any CPU = Release|Any CPU
	EndGlobalSection
	GlobalSection(ProjectConfigurationPlatforms) = postSolution
		{D515B9BC-48E3-4193-8888-264D9BCD4EBB}.Debug|Any CPU.ActiveCfg = Debug|Any CPU
		{D515B9BC-48E3-4193-8888-264D9BCD4EBB}.Debug|Any CPU.Build.0 = Debug|Any CPU
		{D515B9BC-48E3-4193-8888-264D9BCD4EBB}.Release|Any CPU.ActiveCfg = Release|Any CPU
		{D515B9BC-48E3-4193-8888-264D9BCD4EBB}.Release|Any CPU.Build.0 = Release|Any CPU
	EndGlobalSection
	GlobalSection(SolutionProperties) = preSolution
		HideSolutionNode = FALSE
	EndGlobalSection
	GlobalSection(ExtensibilityGlobals) = postSolution
		SolutionGuid = {CC8DE646-59FE-44A2-8CB4-7F321D909F82}
	EndGlobalSection
EndGlobal
